
Microsoft Visual Studio Solution File, Format Version 12.00
# Visual Studio Version 17
VisualStudioVersion = 17.10.34928.147
MinimumVisualStudioVersion = 10.0.40219.1
Project("{FAE04EC0-301F-11D3-BF4B-00C04F79EFBC}") = "Gym.API", "Gym.Api\Gym.API.csproj", "{8B0DEE2B-C423-4AD2-BB18-B5718E5197E3}"
EndProject
Project("{FAE04EC0-301F-11D3-BF4B-00C04F79EFBC}") = "Gym.Application", "Gym.Application\Gym.Application.csproj", "{3646509C-CAE0-4DA0-8D6D-B434C57078DA}"
EndProject
Project("{FAE04EC0-301F-11D3-BF4B-00C04F79EFBC}") = "Gym.Infrastructure", "Gym.Infrastructure\Gym.Infrastructure.csproj", "{0A876EA0-9048-4B5C-AA6E-B691FE0B39F4}"
EndProject
Project("{FAE04EC0-301F-11D3-BF4B-00C04F79EFBC}") = "Gym.Domain", "Gym.Domain\Gym.Domain.csproj", "{CE44E427-C0E0-48DB-AB13-E910963DDF94}"
EndProject
Project("{FAE04EC0-301F-11D3-BF4B-00C04F79EFBC}") = "Gym.Contracts", "Gym.Contracts\Gym.Contracts.csproj", "{FD525A37-6052-44B2-99CA-F47750EABBAF}"
EndProject
Global
	GlobalSection(SolutionConfigurationPlatforms) = preSolution
		Debug|Any CPU = Debug|Any CPU
		Release|Any CPU = Release|Any CPU
	EndGlobalSection
	GlobalSection(ProjectConfigurationPlatforms) = postSolution
		{8B0DEE2B-C423-4AD2-BB18-B5718E5197E3}.Debug|Any CPU.ActiveCfg = Debug|Any CPU
		{8B0DEE2B-C423-4AD2-BB18-B5718E5197E3}.Debug|Any CPU.Build.0 = Debug|Any CPU
		{8B0DEE2B-C423-4AD2-BB18-B5718E5197E3}.Release|Any CPU.ActiveCfg = Release|Any CPU
		{8B0DEE2B-C423-4AD2-BB18-B5718E5197E3}.Release|Any CPU.Build.0 = Release|Any CPU
		{3646509C-CAE0-4DA0-8D6D-B434C57078DA}.Debug|Any CPU.ActiveCfg = Debug|Any CPU
		{3646509C-CAE0-4DA0-8D6D-B434C57078DA}.Debug|Any CPU.Build.0 = Debug|Any CPU
		{3646509C-CAE0-4DA0-8D6D-B434C57078DA}.Release|Any CPU.ActiveCfg = Release|Any CPU
		{3646509C-CAE0-4DA0-8D6D-B434C57078DA}.Release|Any CPU.Build.0 = Release|Any CPU
		{0A876EA0-9048-4B5C-AA6E-B691FE0B39F4}.Debug|Any CPU.ActiveCfg = Debug|Any CPU
		{0A876EA0-9048-4B5C-AA6E-B691FE0B39F4}.Debug|Any CPU.Build.0 = Debug|Any CPU
		{0A876EA0-9048-4B5C-AA6E-B691FE0B39F4}.Release|Any CPU.ActiveCfg = Release|Any CPU
		{0A876EA0-9048-4B5C-AA6E-B691FE0B39F4}.Release|Any CPU.Build.0 = Release|Any CPU
		{CE44E427-C0E0-48DB-AB13-E910963DDF94}.Debug|Any CPU.ActiveCfg = Debug|Any CPU
		{CE44E427-C0E0-48DB-AB13-E910963DDF94}.Debug|Any CPU.Build.0 = Debug|Any CPU
		{CE44E427-C0E0-48DB-AB13-E910963DDF94}.Release|Any CPU.ActiveCfg = Release|Any CPU
		{CE44E427-C0E0-48DB-AB13-E910963DDF94}.Release|Any CPU.Build.0 = Release|Any CPU
		{FD525A37-6052-44B2-99CA-F47750EABBAF}.Debug|Any CPU.ActiveCfg = Debug|Any CPU
		{FD525A37-6052-44B2-99CA-F47750EABBAF}.Debug|Any CPU.Build.0 = Debug|Any CPU
		{FD525A37-6052-44B2-99CA-F47750EABBAF}.Release|Any CPU.ActiveCfg = Release|Any CPU
		{FD525A37-6052-44B2-99CA-F47750EABBAF}.Release|Any CPU.Build.0 = Release|Any CPU
	EndGlobalSection
	GlobalSection(SolutionProperties) = preSolution
		HideSolutionNode = FALSE
	EndGlobalSection
	GlobalSection(ExtensibilityGlobals) = postSolution
		SolutionGuid = {9AE2BEEB-5EDA-48C8-8757-89E1A2606A12}
	EndGlobalSection
EndGlobal
